// !$*UTF8*$!
{
	archiveVersion = 1;
	classes = {
	};
	objectVersion = 50;
	objects = {

/* Begin PBXBuildFile section */
		7DEBA94D26FE7E6200E53520 /* AppDelegate.swift in Sources */ = {isa = PBXBuildFile; fileRef = 7DEBA94C26FE7E6200E53520 /* AppDelegate.swift */; };
		7DEBA94F26FE7E6200E53520 /* ViewController.swift in Sources */ = {isa = PBXBuildFile; fileRef = 7DEBA94E26FE7E6200E53520 /* ViewController.swift */; };
		7DEBA95126FE7E6300E53520 /* Assets.xcassets in Resources */ = {isa = PBXBuildFile; fileRef = 7DEBA95026FE7E6300E53520 /* Assets.xcassets */; };
		7DEBA95426FE7E6300E53520 /* Main.storyboard in Resources */ = {isa = PBXBuildFile; fileRef = 7DEBA95226FE7E6300E53520 /* Main.storyboard */; };
		7DEBA96026FE7E6300E53520 /* RCSegmentedControlTests.swift in Sources */ = {isa = PBXBuildFile; fileRef = 7DEBA95F26FE7E6300E53520 /* RCSegmentedControlTests.swift */; };
		7DEBA96B26FE7E6300E53520 /* RCSegmentedControlUITests.swift in Sources */ = {isa = PBXBuildFile; fileRef = 7DEBA96A26FE7E6300E53520 /* RCSegmentedControlUITests.swift */; };
/* End PBXBuildFile section */

/* Begin PBXContainerItemProxy section */
		7DEBA95C26FE7E6300E53520 /* PBXContainerItemProxy */ = {
			isa = PBXContainerItemProxy;
			containerPortal = 7DEBA94126FE7E6200E53520 /* Project object */;
			proxyType = 1;
			remoteGlobalIDString = 7DEBA94826FE7E6200E53520;
			remoteInfo = RCSegmentedControl;
		};
		7DEBA96726FE7E6300E53520 /* PBXContainerItemProxy */ = {
			isa = PBXContainerItemProxy;
			containerPortal = 7DEBA94126FE7E6200E53520 /* Project object */;
			proxyType = 1;
			remoteGlobalIDString = 7DEBA94826FE7E6200E53520;
			remoteInfo = RCSegmentedControl;
		};
/* End PBXContainerItemProxy section */

/* Begin PBXFileReference section */
		7DEBA94926FE7E6200E53520 /* RCSegmentedControl.app */ = {isa = PBXFileReference; explicitFileType = wrapper.application; includeInIndex = 0; path = RCSegmentedControl.app; sourceTree = BUILT_PRODUCTS_DIR; };
		7DEBA94C26FE7E6200E53520 /* AppDelegate.swift */ = {isa = PBXFileReference; lastKnownFileType = sourcecode.swift; path = AppDelegate.swift; sourceTree = "<group>"; };
		7DEBA94E26FE7E6200E53520 /* ViewController.swift */ = {isa = PBXFileReference; lastKnownFileType = sourcecode.swift; path = ViewController.swift; sourceTree = "<group>"; };
		7DEBA95026FE7E6300E53520 /* Assets.xcassets */ = {isa = PBXFileReference; lastKnownFileType = folder.assetcatalog; path = Assets.xcassets; sourceTree = "<group>"; };
		7DEBA95326FE7E6300E53520 /* Base */ = {isa = PBXFileReference; lastKnownFileType = file.storyboard; name = Base; path = Base.lproj/Main.storyboard; sourceTree = "<group>"; };
		7DEBA95526FE7E6300E53520 /* Info.plist */ = {isa = PBXFileReference; lastKnownFileType = text.plist.xml; path = Info.plist; sourceTree = "<group>"; };
		7DEBA95626FE7E6300E53520 /* RCSegmentedControl.entitlements */ = {isa = PBXFileReference; lastKnownFileType = text.plist.entitlements; path = RCSegmentedControl.entitlements; sourceTree = "<group>"; };
		7DEBA95B26FE7E6300E53520 /* RCSegmentedControlTests.xctest */ = {isa = PBXFileReference; explicitFileType = wrapper.cfbundle; includeInIndex = 0; path = RCSegmentedControlTests.xctest; sourceTree = BUILT_PRODUCTS_DIR; };
		7DEBA95F26FE7E6300E53520 /* RCSegmentedControlTests.swift */ = {isa = PBXFileReference; lastKnownFileType = sourcecode.swift; path = RCSegmentedControlTests.swift; sourceTree = "<group>"; };
		7DEBA96126FE7E6300E53520 /* Info.plist */ = {isa = PBXFileReference; lastKnownFileType = text.plist.xml; path = Info.plist; sourceTree = "<group>"; };
		7DEBA96626FE7E6300E53520 /* RCSegmentedControlUITests.xctest */ = {isa = PBXFileReference; explicitFileType = wrapper.cfbundle; includeInIndex = 0; path = RCSegmentedControlUITests.xctest; sourceTree = BUILT_PRODUCTS_DIR; };
		7DEBA96A26FE7E6300E53520 /* RCSegmentedControlUITests.swift */ = {isa = PBXFileReference; lastKnownFileType = sourcecode.swift; path = RCSegmentedControlUITests.swift; sourceTree = "<group>"; };
		7DEBA96C26FE7E6300E53520 /* Info.plist */ = {isa = PBXFileReference; lastKnownFileType = text.plist.xml; path = Info.plist; sourceTree = "<group>"; };
/* End PBXFileReference section */

/* Begin PBXFrameworksBuildPhase section */
		7DEBA94626FE7E6200E53520 /* Frameworks */ = {
			isa = PBXFrameworksBuildPhase;
			buildActionMask = 2147483647;
			files = (
			);
			runOnlyForDeploymentPostprocessing = 0;
		};
		7DEBA95826FE7E6300E53520 /* Frameworks */ = {
			isa = PBXFrameworksBuildPhase;
			buildActionMask = 2147483647;
			files = (
			);
			runOnlyForDeploymentPostprocessing = 0;
		};
		7DEBA96326FE7E6300E53520 /* Frameworks */ = {
			isa = PBXFrameworksBuildPhase;
			buildActionMask = 2147483647;
			files = (
			);
			runOnlyForDeploymentPostprocessing = 0;
		};
/* End PBXFrameworksBuildPhase section */

/* Begin PBXGroup section */
		7DEBA94026FE7E6200E53520 = {
			isa = PBXGroup;
			children = (
				7DEBA94B26FE7E6200E53520 /* RCSegmentedControl */,
				7DEBA95E26FE7E6300E53520 /* RCSegmentedControlTests */,
				7DEBA96926FE7E6300E53520 /* RCSegmentedControlUITests */,
				7DEBA94A26FE7E6200E53520 /* Products */,
			);
			sourceTree = "<group>";
		};
		7DEBA94A26FE7E6200E53520 /* Products */ = {
			isa = PBXGroup;
			children = (
				7DEBA94926FE7E6200E53520 /* RCSegmentedControl.app */,
				7DEBA95B26FE7E6300E53520 /* RCSegmentedControlTests.xctest */,
				7DEBA96626FE7E6300E53520 /* RCSegmentedControlUITests.xctest */,
			);
			name = Products;
			sourceTree = "<group>";
		};
		7DEBA94B26FE7E6200E53520 /* RCSegmentedControl */ = {
			isa = PBXGroup;
			children = (
				7DEBA94C26FE7E6200E53520 /* AppDelegate.swift */,
				7DEBA94E26FE7E6200E53520 /* ViewController.swift */,
				7DEBA95026FE7E6300E53520 /* Assets.xcassets */,
				7DEBA95226FE7E6300E53520 /* Main.storyboard */,
				7DEBA95526FE7E6300E53520 /* Info.plist */,
				7DEBA95626FE7E6300E53520 /* RCSegmentedControl.entitlements */,
			);
			path = RCSegmentedControl;
			sourceTree = "<group>";
		};
		7DEBA95E26FE7E6300E53520 /* RCSegmentedControlTests */ = {
			isa = PBXGroup;
			children = (
				7DEBA95F26FE7E6300E53520 /* RCSegmentedControlTests.swift */,
				7DEBA96126FE7E6300E53520 /* Info.plist */,
			);
			path = RCSegmentedControlTests;
			sourceTree = "<group>";
		};
		7DEBA96926FE7E6300E53520 /* RCSegmentedControlUITests */ = {
			isa = PBXGroup;
			children = (
				7DEBA96A26FE7E6300E53520 /* RCSegmentedControlUITests.swift */,
				7DEBA96C26FE7E6300E53520 /* Info.plist */,
			);
			path = RCSegmentedControlUITests;
			sourceTree = "<group>";
		};
/* End PBXGroup section */

/* Begin PBXNativeTarget section */
		7DEBA94826FE7E6200E53520 /* RCSegmentedControl */ = {
			isa = PBXNativeTarget;
			buildConfigurationList = 7DEBA96F26FE7E6300E53520 /* Build configuration list for PBXNativeTarget "RCSegmentedControl" */;
			buildPhases = (
				7DEBA94526FE7E6200E53520 /* Sources */,
				7DEBA94626FE7E6200E53520 /* Frameworks */,
				7DEBA94726FE7E6200E53520 /* Resources */,
			);
			buildRules = (
			);
			dependencies = (
			);
			name = RCSegmentedControl;
			productName = RCSegmentedControl;
			productReference = 7DEBA94926FE7E6200E53520 /* RCSegmentedControl.app */;
			productType = "com.apple.product-type.application";
		};
		7DEBA95A26FE7E6300E53520 /* RCSegmentedControlTests */ = {
			isa = PBXNativeTarget;
			buildConfigurationList = 7DEBA97226FE7E6300E53520 /* Build configuration list for PBXNativeTarget "RCSegmentedControlTests" */;
			buildPhases = (
				7DEBA95726FE7E6300E53520 /* Sources */,
				7DEBA95826FE7E6300E53520 /* Frameworks */,
				7DEBA95926FE7E6300E53520 /* Resources */,
			);
			buildRules = (
			);
			dependencies = (
				7DEBA95D26FE7E6300E53520 /* PBXTargetDependency */,
			);
			name = RCSegmentedControlTests;
			productName = RCSegmentedControlTests;
			productReference = 7DEBA95B26FE7E6300E53520 /* RCSegmentedControlTests.xctest */;
			productType = "com.apple.product-type.bundle.unit-test";
		};
		7DEBA96526FE7E6300E53520 /* RCSegmentedControlUITests */ = {
			isa = PBXNativeTarget;
			buildConfigurationList = 7DEBA97526FE7E6300E53520 /* Build configuration list for PBXNativeTarget "RCSegmentedControlUITests" */;
			buildPhases = (
				7DEBA96226FE7E6300E53520 /* Sources */,
				7DEBA96326FE7E6300E53520 /* Frameworks */,
				7DEBA96426FE7E6300E53520 /* Resources */,
			);
			buildRules = (
			);
			dependencies = (
				7DEBA96826FE7E6300E53520 /* PBXTargetDependency */,
			);
			name = RCSegmentedControlUITests;
			productName = RCSegmentedControlUITests;
			productReference = 7DEBA96626FE7E6300E53520 /* RCSegmentedControlUITests.xctest */;
			productType = "com.apple.product-type.bundle.ui-testing";
		};
/* End PBXNativeTarget section */

/* Begin PBXProject section */
		7DEBA94126FE7E6200E53520 /* Project object */ = {
			isa = PBXProject;
			attributes = {
				LastSwiftUpdateCheck = 1250;
				LastUpgradeCheck = 1250;
				TargetAttributes = {
					7DEBA94826FE7E6200E53520 = {
						CreatedOnToolsVersion = 12.5.1;
					};
					7DEBA95A26FE7E6300E53520 = {
						CreatedOnToolsVersion = 12.5.1;
						TestTargetID = 7DEBA94826FE7E6200E53520;
					};
					7DEBA96526FE7E6300E53520 = {
						CreatedOnToolsVersion = 12.5.1;
						TestTargetID = 7DEBA94826FE7E6200E53520;
					};
				};
			};
			buildConfigurationList = 7DEBA94426FE7E6200E53520 /* Build configuration list for PBXProject "RCSegmentedControl" */;
			compatibilityVersion = "Xcode 9.3";
			developmentRegion = en;
			hasScannedForEncodings = 0;
			knownRegions = (
				en,
				Base,
			);
			mainGroup = 7DEBA94026FE7E6200E53520;
			productRefGroup = 7DEBA94A26FE7E6200E53520 /* Products */;
			projectDirPath = "";
			projectRoot = "";
			targets = (
				7DEBA94826FE7E6200E53520 /* RCSegmentedControl */,
				7DEBA95A26FE7E6300E53520 /* RCSegmentedControlTests */,
				7DEBA96526FE7E6300E53520 /* RCSegmentedControlUITests */,
			);
		};
/* End PBXProject section */

/* Begin PBXResourcesBuildPhase section */
		7DEBA94726FE7E6200E53520 /* Resources */ = {
			isa = PBXResourcesBuildPhase;
			buildActionMask = 2147483647;
			files = (
				7DEBA95126FE7E6300E53520 /* Assets.xcassets in Resources */,
				7DEBA95426FE7E6300E53520 /* Main.storyboard in Resources */,
			);
			runOnlyForDeploymentPostprocessing = 0;
		};
		7DEBA95926FE7E6300E53520 /* Resources */ = {
			isa = PBXResourcesBuildPhase;
			buildActionMask = 2147483647;
			files = (
			);
			runOnlyForDeploymentPostprocessing = 0;
		};
		7DEBA96426FE7E6300E53520 /* Resources */ = {
			isa = PBXResourcesBuildPhase;
			buildActionMask = 2147483647;
			files = (
			);
			runOnlyForDeploymentPostprocessing = 0;
		};
/* End PBXResourcesBuildPhase section */

/* Begin PBXSourcesBuildPhase section */
		7DEBA94526FE7E6200E53520 /* Sources */ = {
			isa = PBXSourcesBuildPhase;
			buildActionMask = 2147483647;
			files = (
				7DEBA94F26FE7E6200E53520 /* ViewController.swift in Sources */,
				7DEBA94D26FE7E6200E53520 /* AppDelegate.swift in Sources */,
			);
			runOnlyForDeploymentPostprocessing = 0;
		};
		7DEBA95726FE7E6300E53520 /* Sources */ = {
			isa = PBXSourcesBuildPhase;
			buildActionMask = 2147483647;
			files = (
				7DEBA96026FE7E6300E53520 /* RCSegmentedControlTests.swift in Sources */,
			);
			runOnlyForDeploymentPostprocessing = 0;
		};
		7DEBA96226FE7E6300E53520 /* Sources */ = {
			isa = PBXSourcesBuildPhase;
			buildActionMask = 2147483647;
			files = (
				7DEBA96B26FE7E6300E53520 /* RCSegmentedControlUITests.swift in Sources */,
			);
			runOnlyForDeploymentPostprocessing = 0;
		};
/* End PBXSourcesBuildPhase section */

/* Begin PBXTargetDependency section */
		7DEBA95D26FE7E6300E53520 /* PBXTargetDependency */ = {
			isa = PBXTargetDependency;
			target = 7DEBA94826FE7E6200E53520 /* RCSegmentedControl */;
			targetProxy = 7DEBA95C26FE7E6300E53520 /* PBXContainerItemProxy */;
		};
		7DEBA96826FE7E6300E53520 /* PBXTargetDependency */ = {
			isa = PBXTargetDependency;
			target = 7DEBA94826FE7E6200E53520 /* RCSegmentedControl */;
			targetProxy = 7DEBA96726FE7E6300E53520 /* PBXContainerItemProxy */;
		};
/* End PBXTargetDependency section */

/* Begin PBXVariantGroup section */
		7DEBA95226FE7E6300E53520 /* Main.storyboard */ = {
			isa = PBXVariantGroup;
			children = (
				7DEBA95326FE7E6300E53520 /* Base */,
			);
			name = Main.storyboard;
			sourceTree = "<group>";
		};
/* End PBXVariantGroup section */

/* Begin XCBuildConfiguration section */
		7DEBA96D26FE7E6300E53520 /* Debug */ = {
			isa = XCBuildConfiguration;
			buildSettings = {
				ALWAYS_SEARCH_USER_PATHS = NO;
				CLANG_ANALYZER_NONNULL = YES;
				CLANG_ANALYZER_NUMBER_OBJECT_CONVERSION = YES_AGGRESSIVE;
				CLANG_CXX_LANGUAGE_STANDARD = "gnu++14";
				CLANG_CXX_LIBRARY = "libc++";
				CLANG_ENABLE_MODULES = YES;
				CLANG_ENABLE_OBJC_ARC = YES;
				CLANG_ENABLE_OBJC_WEAK = YES;
				CLANG_WARN_BLOCK_CAPTURE_AUTORELEASING = YES;
				CLANG_WARN_BOOL_CONVERSION = YES;
				CLANG_WARN_COMMA = YES;
				CLANG_WARN_CONSTANT_CONVERSION = YES;
				CLANG_WARN_DEPRECATED_OBJC_IMPLEMENTATIONS = YES;
				CLANG_WARN_DIRECT_OBJC_ISA_USAGE = YES_ERROR;
				CLANG_WARN_DOCUMENTATION_COMMENTS = YES;
				CLANG_WARN_EMPTY_BODY = YES;
				CLANG_WARN_ENUM_CONVERSION = YES;
				CLANG_WARN_INFINITE_RECURSION = YES;
				CLANG_WARN_INT_CONVERSION = YES;
				CLANG_WARN_NON_LITERAL_NULL_CONVERSION = YES;
				CLANG_WARN_OBJC_IMPLICIT_RETAIN_SELF = YES;
				CLANG_WARN_OBJC_LITERAL_CONVERSION = YES;
				CLANG_WARN_OBJC_ROOT_CLASS = YES_ERROR;
				CLANG_WARN_QUOTED_INCLUDE_IN_FRAMEWORK_HEADER = YES;
				CLANG_WARN_RANGE_LOOP_ANALYSIS = YES;
				CLANG_WARN_STRICT_PROTOTYPES = YES;
				CLANG_WARN_SUSPICIOUS_MOVE = YES;
				CLANG_WARN_UNGUARDED_AVAILABILITY = YES_AGGRESSIVE;
				CLANG_WARN_UNREACHABLE_CODE = YES;
				CLANG_WARN__DUPLICATE_METHOD_MATCH = YES;
				COPY_PHASE_STRIP = NO;
				DEBUG_INFORMATION_FORMAT = dwarf;
				ENABLE_STRICT_OBJC_MSGSEND = YES;
				ENABLE_TESTABILITY = YES;
				GCC_C_LANGUAGE_STANDARD = gnu11;
				GCC_DYNAMIC_NO_PIC = NO;
				GCC_NO_COMMON_BLOCKS = YES;
				GCC_OPTIMIZATION_LEVEL = 0;
				GCC_PREPROCESSOR_DEFINITIONS = (
					"DEBUG=1",
					"$(inherited)",
				);
				GCC_WARN_64_TO_32_BIT_CONVERSION = YES;
				GCC_WARN_ABOUT_RETURN_TYPE = YES_ERROR;
				GCC_WARN_UNDECLARED_SELECTOR = YES;
				GCC_WARN_UNINITIALIZED_AUTOS = YES_AGGRESSIVE;
				GCC_WARN_UNUSED_FUNCTION = YES;
				GCC_WARN_UNUSED_VARIABLE = YES;
				MACOSX_DEPLOYMENT_TARGET = 11.3;
				MTL_ENABLE_DEBUG_INFO = INCLUDE_SOURCE;
				MTL_FAST_MATH = YES;
				ONLY_ACTIVE_ARCH = YES;
				SDKROOT = macosx;
				SWIFT_ACTIVE_COMPILATION_CONDITIONS = DEBUG;
				SWIFT_OPTIMIZATION_LEVEL = "-Onone";
			};
			name = Debug;
		};
		7DEBA96E26FE7E6300E53520 /* Release */ = {
			isa = XCBuildConfiguration;
			buildSettings = {
				ALWAYS_SEARCH_USER_PATHS = NO;
				CLANG_ANALYZER_NONNULL = YES;
				CLANG_ANALYZER_NUMBER_OBJECT_CONVERSION = YES_AGGRESSIVE;
				CLANG_CXX_LANGUAGE_STANDARD = "gnu++14";
				CLANG_CXX_LIBRARY = "libc++";
				CLANG_ENABLE_MODULES = YES;
				CLANG_ENABLE_OBJC_ARC = YES;
				CLANG_ENABLE_OBJC_WEAK = YES;
				CLANG_WARN_BLOCK_CAPTURE_AUTORELEASING = YES;
				CLANG_WARN_BOOL_CONVERSION = YES;
				CLANG_WARN_COMMA = YES;
				CLANG_WARN_CONSTANT_CONVERSION = YES;
				CLANG_WARN_DEPRECATED_OBJC_IMPLEMENTATIONS = YES;
				CLANG_WARN_DIRECT_OBJC_ISA_USAGE = YES_ERROR;
				CLANG_WARN_DOCUMENTATION_COMMENTS = YES;
				CLANG_WARN_EMPTY_BODY = YES;
				CLANG_WARN_ENUM_CONVERSION = YES;
				CLANG_WARN_INFINITE_RECURSION = YES;
				CLANG_WARN_INT_CONVERSION = YES;
				CLANG_WARN_NON_LITERAL_NULL_CONVERSION = YES;
				CLANG_WARN_OBJC_IMPLICIT_RETAIN_SELF = YES;
				CLANG_WARN_OBJC_LITERAL_CONVERSION = YES;
				CLANG_WARN_OBJC_ROOT_CLASS = YES_ERROR;
				CLANG_WARN_QUOTED_INCLUDE_IN_FRAMEWORK_HEADER = YES;
				CLANG_WARN_RANGE_LOOP_ANALYSIS = YES;
				CLANG_WARN_STRICT_PROTOTYPES = YES;
				CLANG_WARN_SUSPICIOUS_MOVE = YES;
				CLANG_WARN_UNGUARDED_AVAILABILITY = YES_AGGRESSIVE;
				CLANG_WARN_UNREACHABLE_CODE = YES;
				CLANG_WARN__DUPLICATE_METHOD_MATCH = YES;
				COPY_PHASE_STRIP = NO;
				DEBUG_INFORMATION_FORMAT = "dwarf-with-dsym";
				ENABLE_NS_ASSERTIONS = NO;
				ENABLE_STRICT_OBJC_MSGSEND = YES;
				GCC_C_LANGUAGE_STANDARD = gnu11;
				GCC_NO_COMMON_BLOCKS = YES;
				GCC_WARN_64_TO_32_BIT_CONVERSION = YES;
				GCC_WARN_ABOUT_RETURN_TYPE = YES_ERROR;
				GCC_WARN_UNDECLARED_SELECTOR = YES;
				GCC_WARN_UNINITIALIZED_AUTOS = YES_AGGRESSIVE;
				GCC_WARN_UNUSED_FUNCTION = YES;
				GCC_WARN_UNUSED_VARIABLE = YES;
				MACOSX_DEPLOYMENT_TARGET = 11.3;
				MTL_ENABLE_DEBUG_INFO = NO;
				MTL_FAST_MATH = YES;
				SDKROOT = macosx;
				SWIFT_COMPILATION_MODE = wholemodule;
				SWIFT_OPTIMIZATION_LEVEL = "-O";
			};
			name = Release;
		};
		7DEBA97026FE7E6300E53520 /* Debug */ = {
			isa = XCBuildConfiguration;
			buildSettings = {
				ASSETCATALOG_COMPILER_APPICON_NAME = AppIcon;
				ASSETCATALOG_COMPILER_GLOBAL_ACCENT_COLOR_NAME = AccentColor;
				CODE_SIGN_ENTITLEMENTS = RCSegmentedControl/RCSegmentedControl.entitlements;
				CODE_SIGN_STYLE = Automatic;
				COMBINE_HIDPI_IMAGES = YES;
				DEVELOPMENT_TEAM = N7ZA28599B;
				ENABLE_HARDENED_RUNTIME = YES;
				INFOPLIST_FILE = RCSegmentedControl/Info.plist;
				LD_RUNPATH_SEARCH_PATHS = (
					"$(inherited)",
					"@executable_path/../Frameworks",
				);
				PRODUCT_BUNDLE_IDENTIFIER = "Tommi-Urtti.RCSegmentedControl";
				PRODUCT_NAME = "$(TARGET_NAME)";
				SWIFT_VERSION = 5.0;
			};
			name = Debug;
		};
		7DEBA97126FE7E6300E53520 /* Release */ = {
			isa = XCBuildConfiguration;
			buildSettings = {
				ASSETCATALOG_COMPILER_APPICON_NAME = AppIcon;
				ASSETCATALOG_COMPILER_GLOBAL_ACCENT_COLOR_NAME = AccentColor;
				CODE_SIGN_ENTITLEMENTS = RCSegmentedControl/RCSegmentedControl.entitlements;
				CODE_SIGN_STYLE = Automatic;
				COMBINE_HIDPI_IMAGES = YES;
				DEVELOPMENT_TEAM = N7ZA28599B;
				ENABLE_HARDENED_RUNTIME = YES;
				INFOPLIST_FILE = RCSegmentedControl/Info.plist;
				LD_RUNPATH_SEARCH_PATHS = (
					"$(inherited)",
					"@executable_path/../Frameworks",
				);
				PRODUCT_BUNDLE_IDENTIFIER = "Tommi-Urtti.RCSegmentedControl";
				PRODUCT_NAME = "$(TARGET_NAME)";
				SWIFT_VERSION = 5.0;
			};
			name = Release;
		};
		7DEBA97326FE7E6300E53520 /* Debug */ = {
			isa = XCBuildConfiguration;
			buildSettings = {
				ALWAYS_EMBED_SWIFT_STANDARD_LIBRARIES = YES;
				BUNDLE_LOADER = "$(TEST_HOST)";
				CODE_SIGN_STYLE = Automatic;
				COMBINE_HIDPI_IMAGES = YES;
				DEVELOPMENT_TEAM = N7ZA28599B;
				INFOPLIST_FILE = RCSegmentedControlTests/Info.plist;
				LD_RUNPATH_SEARCH_PATHS = (
					"$(inherited)",
					"@executable_path/../Frameworks",
					"@loader_path/../Frameworks",
				);
				MACOSX_DEPLOYMENT_TARGET = 11.3;
				PRODUCT_BUNDLE_IDENTIFIER = "Tommi-Urtti.RCSegmentedControlTests";
				PRODUCT_NAME = "$(TARGET_NAME)";
				SWIFT_VERSION = 5.0;
				TEST_HOST = "$(BUILT_PRODUCTS_DIR)/RCSegmentedControl.app/Contents/MacOS/RCSegmentedControl";
			};
			name = Debug;
		};
		7DEBA97426FE7E6300E53520 /* Release */ = {
			isa = XCBuildConfiguration;
			buildSettings = {
				ALWAYS_EMBED_SWIFT_STANDARD_LIBRARIES = YES;
				BUNDLE_LOADER = "$(TEST_HOST)";
				CODE_SIGN_STYLE = Automatic;
				COMBINE_HIDPI_IMAGES = YES;
				DEVELOPMENT_TEAM = N7ZA28599B;
				INFOPLIST_FILE = RCSegmentedControlTests/Info.plist;
				LD_RUNPATH_SEARCH_PATHS = (
					"$(inherited)",
					"@executable_path/../Frameworks",
					"@loader_path/../Frameworks",
				);
				MACOSX_DEPLOYMENT_TARGET = 11.3;
				PRODUCT_BUNDLE_IDENTIFIER = "Tommi-Urtti.RCSegmentedControlTests";
				PRODUCT_NAME = "$(TARGET_NAME)";
				SWIFT_VERSION = 5.0;
				TEST_HOST = "$(BUILT_PRODUCTS_DIR)/RCSegmentedControl.app/Contents/MacOS/RCSegmentedControl";
			};
			name = Release;
		};
		7DEBA97626FE7E6300E53520 /* Debug */ = {
			isa = XCBuildConfiguration;
			buildSettings = {
				ALWAYS_EMBED_SWIFT_STANDARD_LIBRARIES = YES;
				CODE_SIGN_STYLE = Automatic;
				COMBINE_HIDPI_IMAGES = YES;
				DEVELOPMENT_TEAM = N7ZA28599B;
				INFOPLIST_FILE = RCSegmentedControlUITests/Info.plist;
				LD_RUNPATH_SEARCH_PATHS = (
					"$(inherited)",
					"@executable_path/../Frameworks",
					"@loader_path/../Frameworks",
				);
				PRODUCT_BUNDLE_IDENTIFIER = "Tommi-Urtti.RCSegmentedControlUITests";
				PRODUCT_NAME = "$(TARGET_NAME)";
				SWIFT_VERSION = 5.0;
				TEST_TARGET_NAME = RCSegmentedControl;
			};
			name = Debug;
		};
		7DEBA97726FE7E6300E53520 /* Release */ = {
			isa = XCBuildConfiguration;
			buildSettings = {
				ALWAYS_EMBED_SWIFT_STANDARD_LIBRARIES = YES;
				CODE_SIGN_STYLE = Automatic;
				COMBINE_HIDPI_IMAGES = YES;
				DEVELOPMENT_TEAM = N7ZA28599B;
				INFOPLIST_FILE = RCSegmentedControlUITests/Info.plist;
				LD_RUNPATH_SEARCH_PATHS = (
					"$(inherited)",
					"@executable_path/../Frameworks",
					"@loader_path/../Frameworks",
				);
				PRODUCT_BUNDLE_IDENTIFIER = "Tommi-Urtti.RCSegmentedControlUITests";
				PRODUCT_NAME = "$(TARGET_NAME)";
				SWIFT_VERSION = 5.0;
				TEST_TARGET_NAME = RCSegmentedControl;
			};
			name = Release;
		};
/* End XCBuildConfiguration section */

/* Begin XCConfigurationList section */
		7DEBA94426FE7E6200E53520 /* Build configuration list for PBXProject "RCSegmentedControl" */ = {
			isa = XCConfigurationList;
			buildConfigurations = (
				7DEBA96D26FE7E6300E53520 /* Debug */,
				7DEBA96E26FE7E6300E53520 /* Release */,
			);
			defaultConfigurationIsVisible = 0;
			defaultConfigurationName = Release;
		};
		7DEBA96F26FE7E6300E53520 /* Build configuration list for PBXNativeTarget "RCSegmentedControl" */ = {
			isa = XCConfigurationList;
			buildConfigurations = (
				7DEBA97026FE7E6300E53520 /* Debug */,
				7DEBA97126FE7E6300E53520 /* Release */,
			);
			defaultConfigurationIsVisible = 0;
			defaultConfigurationName = Release;
		};
		7DEBA97226FE7E6300E53520 /* Build configuration list for PBXNativeTarget "RCSegmentedControlTests" */ = {
			isa = XCConfigurationList;
			buildConfigurations = (
				7DEBA97326FE7E6300E53520 /* Debug */,
				7DEBA97426FE7E6300E53520 /* Release */,
			);
			defaultConfigurationIsVisible = 0;
			defaultConfigurationName = Release;
		};
		7DEBA97526FE7E6300E53520 /* Build configuration list for PBXNativeTarget "RCSegmentedControlUITests" */ = {
			isa = XCConfigurationList;
			buildConfigurations = (
				7DEBA97626FE7E6300E53520 /* Debug */,
				7DEBA97726FE7E6300E53520 /* Release */,
			);
			defaultConfigurationIsVisible = 0;
			defaultConfigurationName = Release;
		};
/* End XCConfigurationList section */
	};
	rootObject = 7DEBA94126FE7E6200E53520 /* Project object */;
}
